
Microsoft Visual Studio Solution File, Format Version 12.00
Project("{FAE04EC0-301F-11D3-BF4B-00C04F79EFBC}") = "UlearnAPI", "UlearnAPI\UlearnAPI.csproj", "{80D00C37-F35D-46E2-AB70-51D4B2DC25E7}"
EndProject
Project("{FAE04EC0-301F-11D3-BF4B-00C04F79EFBC}") = "UlearnData", "UlearnData\UlearnData.csproj", "{B1B5087B-EA23-4C78-BB89-FB945AD9A8F6}"
EndProject
Project("{FAE04EC0-301F-11D3-BF4B-00C04F79EFBC}") = "UlearnServices", "UlearnServices\UlearnServices.csproj", "{26860EB9-7723-44A3-A096-A01A2A873D4F}"
EndProject
Global
	GlobalSection(SolutionConfigurationPlatforms) = preSolution
		Debug|Any CPU = Debug|Any CPU
		Release|Any CPU = Release|Any CPU
	EndGlobalSection
	GlobalSection(ProjectConfigurationPlatforms) = postSolution
		{80D00C37-F35D-46E2-AB70-51D4B2DC25E7}.Debug|Any CPU.ActiveCfg = Debug|Any CPU
		{80D00C37-F35D-46E2-AB70-51D4B2DC25E7}.Debug|Any CPU.Build.0 = Debug|Any CPU
		{80D00C37-F35D-46E2-AB70-51D4B2DC25E7}.Release|Any CPU.ActiveCfg = Release|Any CPU
		{80D00C37-F35D-46E2-AB70-51D4B2DC25E7}.Release|Any CPU.Build.0 = Release|Any CPU
		{B1B5087B-EA23-4C78-BB89-FB945AD9A8F6}.Debug|Any CPU.ActiveCfg = Debug|Any CPU
		{B1B5087B-EA23-4C78-BB89-FB945AD9A8F6}.Debug|Any CPU.Build.0 = Debug|Any CPU
		{B1B5087B-EA23-4C78-BB89-FB945AD9A8F6}.Release|Any CPU.ActiveCfg = Release|Any CPU
		{B1B5087B-EA23-4C78-BB89-FB945AD9A8F6}.Release|Any CPU.Build.0 = Release|Any CPU
		{26860EB9-7723-44A3-A096-A01A2A873D4F}.Debug|Any CPU.ActiveCfg = Debug|Any CPU
		{26860EB9-7723-44A3-A096-A01A2A873D4F}.Debug|Any CPU.Build.0 = Debug|Any CPU
		{26860EB9-7723-44A3-A096-A01A2A873D4F}.Release|Any CPU.ActiveCfg = Release|Any CPU
		{26860EB9-7723-44A3-A096-A01A2A873D4F}.Release|Any CPU.Build.0 = Release|Any CPU
	EndGlobalSection
EndGlobal
